
Microsoft Visual Studio Solution File, Format Version 12.00
# Visual Studio Version 17
VisualStudioVersion = 17.14.36109.1
MinimumVisualStudioVersion = 10.0.40219.1
Project("{8BC9CEB8-8B4A-11D0-8D11-00A0C91BC942}") = "JSR-SDK", "JSR-SDK.vcxproj", "{36E91F6E-F31D-5866-D1E2-BA447C46F15F}"
EndProject
Project("{8BC9CEB8-8B4A-11D0-8D11-00A0C91BC942}") = "test", "test\test.vcxproj", "{0C8C4942-B26F-45F8-9560-1C4C01AF2F20}"
EndProject
Global
	GlobalSection(SolutionConfigurationPlatforms) = preSolution
		Debug|Any CPU = Debug|Any CPU
		Debug|Win32 = Debug|Win32
		Debug|x64 = Debug|x64
		dynamic|Any CPU = dynamic|Any CPU
		dynamic|Win32 = dynamic|Win32
		dynamic|x64 = dynamic|x64
		Release|Any CPU = Release|Any CPU
		Release|Win32 = Release|Win32
		Release|x64 = Release|x64
		static|Any CPU = static|Any CPU
		static|Win32 = static|Win32
		static|x64 = static|x64
	EndGlobalSection
	GlobalSection(ProjectConfigurationPlatforms) = postSolution
		{36E91F6E-F31D-5866-D1E2-BA447C46F15F}.Debug|Any CPU.ActiveCfg = static|x64
		{36E91F6E-F31D-5866-D1E2-BA447C46F15F}.Debug|Any CPU.Build.0 = static|x64
		{36E91F6E-F31D-5866-D1E2-BA447C46F15F}.Debug|Win32.ActiveCfg = static|Win32
		{36E91F6E-F31D-5866-D1E2-BA447C46F15F}.Debug|Win32.Build.0 = static|Win32
		{36E91F6E-F31D-5866-D1E2-BA447C46F15F}.Debug|x64.ActiveCfg = static|x64
		{36E91F6E-F31D-5866-D1E2-BA447C46F15F}.Debug|x64.Build.0 = static|x64
		{36E91F6E-F31D-5866-D1E2-BA447C46F15F}.dynamic|Any CPU.ActiveCfg = dynamic|x64
		{36E91F6E-F31D-5866-D1E2-BA447C46F15F}.dynamic|Any CPU.Build.0 = dynamic|x64
		{36E91F6E-F31D-5866-D1E2-BA447C46F15F}.dynamic|Win32.ActiveCfg = static|Win32
		{36E91F6E-F31D-5866-D1E2-BA447C46F15F}.dynamic|Win32.Build.0 = static|Win32
		{36E91F6E-F31D-5866-D1E2-BA447C46F15F}.dynamic|x64.ActiveCfg = dynamic|x64
		{36E91F6E-F31D-5866-D1E2-BA447C46F15F}.dynamic|x64.Build.0 = dynamic|x64
		{36E91F6E-F31D-5866-D1E2-BA447C46F15F}.Release|Any CPU.ActiveCfg = dynamic|x64
		{36E91F6E-F31D-5866-D1E2-BA447C46F15F}.Release|Any CPU.Build.0 = dynamic|x64
		{36E91F6E-F31D-5866-D1E2-BA447C46F15F}.Release|Win32.ActiveCfg = dynamic|Win32
		{36E91F6E-F31D-5866-D1E2-BA447C46F15F}.Release|Win32.Build.0 = dynamic|Win32
		{36E91F6E-F31D-5866-D1E2-BA447C46F15F}.Release|x64.ActiveCfg = dynamic|x64
		{36E91F6E-F31D-5866-D1E2-BA447C46F15F}.Release|x64.Build.0 = dynamic|x64
		{36E91F6E-F31D-5866-D1E2-BA447C46F15F}.static|Any CPU.ActiveCfg = static|x64
		{36E91F6E-F31D-5866-D1E2-BA447C46F15F}.static|Any CPU.Build.0 = static|x64
		{36E91F6E-F31D-5866-D1E2-BA447C46F15F}.static|Win32.ActiveCfg = static|Win32
		{36E91F6E-F31D-5866-D1E2-BA447C46F15F}.static|Win32.Build.0 = static|Win32
		{36E91F6E-F31D-5866-D1E2-BA447C46F15F}.static|x64.ActiveCfg = static|x64
		{36E91F6E-F31D-5866-D1E2-BA447C46F15F}.static|x64.Build.0 = static|x64
		{0C8C4942-B26F-45F8-9560-1C4C01AF2F20}.Debug|Any CPU.ActiveCfg = Debug|x64
		{0C8C4942-B26F-45F8-9560-1C4C01AF2F20}.Debug|Any CPU.Build.0 = Debug|x64
		{0C8C4942-B26F-45F8-9560-1C4C01AF2F20}.Debug|Win32.ActiveCfg = Debug|Win32
		{0C8C4942-B26F-45F8-9560-1C4C01AF2F20}.Debug|Win32.Build.0 = Debug|Win32
		{0C8C4942-B26F-45F8-9560-1C4C01AF2F20}.Debug|x64.ActiveCfg = Debug|x64
		{0C8C4942-B26F-45F8-9560-1C4C01AF2F20}.Debug|x64.Build.0 = Debug|x64
		{0C8C4942-B26F-45F8-9560-1C4C01AF2F20}.dynamic|Any CPU.ActiveCfg = Release|x64
		{0C8C4942-B26F-45F8-9560-1C4C01AF2F20}.dynamic|Any CPU.Build.0 = Release|x64
		{0C8C4942-B26F-45F8-9560-1C4C01AF2F20}.dynamic|Win32.ActiveCfg = Release|Win32
		{0C8C4942-B26F-45F8-9560-1C4C01AF2F20}.dynamic|Win32.Build.0 = Release|Win32
		{0C8C4942-B26F-45F8-9560-1C4C01AF2F20}.dynamic|x64.ActiveCfg = Release|x64
		{0C8C4942-B26F-45F8-9560-1C4C01AF2F20}.dynamic|x64.Build.0 = Release|x64
		{0C8C4942-B26F-45F8-9560-1C4C01AF2F20}.Release|Any CPU.ActiveCfg = Release|x64
		{0C8C4942-B26F-45F8-9560-1C4C01AF2F20}.Release|Any CPU.Build.0 = Release|x64
		{0C8C4942-B26F-45F8-9560-1C4C01AF2F20}.Release|Win32.ActiveCfg = Release|Win32
		{0C8C4942-B26F-45F8-9560-1C4C01AF2F20}.Release|Win32.Build.0 = Release|Win32
		{0C8C4942-B26F-45F8-9560-1C4C01AF2F20}.Release|x64.ActiveCfg = Release|x64
		{0C8C4942-B26F-45F8-9560-1C4C01AF2F20}.Release|x64.Build.0 = Release|x64
		{0C8C4942-B26F-45F8-9560-1C4C01AF2F20}.static|Any CPU.ActiveCfg = Release|x64
		{0C8C4942-B26F-45F8-9560-1C4C01AF2F20}.static|Any CPU.Build.0 = Release|x64
		{0C8C4942-B26F-45F8-9560-1C4C01AF2F20}.static|Win32.ActiveCfg = Release|Win32
		{0C8C4942-B26F-45F8-9560-1C4C01AF2F20}.static|Win32.Build.0 = Release|Win32
		{0C8C4942-B26F-45F8-9560-1C4C01AF2F20}.static|x64.ActiveCfg = Release|x64
		{0C8C4942-B26F-45F8-9560-1C4C01AF2F20}.static|x64.Build.0 = Release|x64
	EndGlobalSection
	GlobalSection(SolutionProperties) = preSolution
		HideSolutionNode = FALSE
	EndGlobalSection
	GlobalSection(ExtensibilityGlobals) = postSolution
		SolutionGuid = {36DE0446-11E4-4CA8-87A5-C54E7699AF22}
	EndGlobalSection
EndGlobal
